
Microsoft Visual Studio Solution File, Format Version 12.00
# Visual Studio Version 16
VisualStudioVersion = 16.0.30804.86
MinimumVisualStudioVersion = 10.0.40219.1
Project("{FAE04EC0-301F-11D3-BF4B-00C04F79EFBC}") = "FindStream", "FindStream\FindStream.csproj", "{C3412D7E-6B00-4155-B564-892F71E96C1D}"
EndProject
Project("{FAE04EC0-301F-11D3-BF4B-00C04F79EFBC}") = "FindStream.Test", "FindStream.Test\FindStream.Test.csproj", "{0E348D12-0C5F-4909-820B-9D8F1F9F56BB}"
EndProject
Project("{FAE04EC0-301F-11D3-BF4B-00C04F79EFBC}") = "FindStream.Core", "FindStream.Core\FindStream.Core.csproj", "{37B5529F-47E6-40D2-A7D2-1E1194F65F94}"
EndProject
Global
	GlobalSection(SolutionConfigurationPlatforms) = preSolution
		Debug|Any CPU = Debug|Any CPU
		Release|Any CPU = Release|Any CPU
	EndGlobalSection
	GlobalSection(ProjectConfigurationPlatforms) = postSolution
		{C3412D7E-6B00-4155-B564-892F71E96C1D}.Debug|Any CPU.ActiveCfg = Debug|Any CPU
		{C3412D7E-6B00-4155-B564-892F71E96C1D}.Debug|Any CPU.Build.0 = Debug|Any CPU
		{C3412D7E-6B00-4155-B564-892F71E96C1D}.Release|Any CPU.ActiveCfg = Release|Any CPU
		{C3412D7E-6B00-4155-B564-892F71E96C1D}.Release|Any CPU.Build.0 = Release|Any CPU
		{0E348D12-0C5F-4909-820B-9D8F1F9F56BB}.Debug|Any CPU.ActiveCfg = Debug|Any CPU
		{0E348D12-0C5F-4909-820B-9D8F1F9F56BB}.Debug|Any CPU.Build.0 = Debug|Any CPU
		{0E348D12-0C5F-4909-820B-9D8F1F9F56BB}.Release|Any CPU.ActiveCfg = Release|Any CPU
		{0E348D12-0C5F-4909-820B-9D8F1F9F56BB}.Release|Any CPU.Build.0 = Release|Any CPU
		{37B5529F-47E6-40D2-A7D2-1E1194F65F94}.Debug|Any CPU.ActiveCfg = Debug|Any CPU
		{37B5529F-47E6-40D2-A7D2-1E1194F65F94}.Debug|Any CPU.Build.0 = Debug|Any CPU
		{37B5529F-47E6-40D2-A7D2-1E1194F65F94}.Release|Any CPU.ActiveCfg = Release|Any CPU
		{37B5529F-47E6-40D2-A7D2-1E1194F65F94}.Release|Any CPU.Build.0 = Release|Any CPU
	EndGlobalSection
	GlobalSection(SolutionProperties) = preSolution
		HideSolutionNode = FALSE
	EndGlobalSection
	GlobalSection(ExtensibilityGlobals) = postSolution
		SolutionGuid = {C839C320-8D43-4F1D-911F-5E2248D66B3C}
	EndGlobalSection
EndGlobal
